{
  "name": "solvve_course_js_2",
  "version": "1.0.0",
  "lockfileVersion": 2,
  "requires": true,
  "packages": {
    "": {
      "name": "solvve_course_js_2",
      "version": "1.0.0",
      "license": "ISC",
      "dependencies": {
        "primeflex": "^3.2.1"
      }
    },
    "node_modules/primeflex": {
      "version": "3.2.1",
      "resolved": "https://registry.npmjs.org/primeflex/-/primeflex-3.2.1.tgz",
      "integrity": "sha512-sGDJ4mh2fG19xa1yc4IPGSQ8MUMyu5nU+tYnl27AFuFHhX8XwEA7fWCtWyBbclclVhXtre+Kf9WobWPnfxWAEQ=="
    }
  },
  "dependencies": {
    "primeflex": {
      "version": "3.2.1",
      "resolved": "https://registry.npmjs.org/primeflex/-/primeflex-3.2.1.tgz",
      "integrity": "sha512-sGDJ4mh2fG19xa1yc4IPGSQ8MUMyu5nU+tYnl27AFuFHhX8XwEA7fWCtWyBbclclVhXtre+Kf9WobWPnfxWAEQ=="
    }
  }
}
